
Microsoft Visual Studio Solution File, Format Version 12.00
# Visual Studio Version 17
VisualStudioVersion = 17.9.34728.123
MinimumVisualStudioVersion = 10.0.40219.1
Project("{FAE04EC0-301F-11D3-BF4B-00C04F79EFBC}") = "AppMaui-NumeroDaSorte", "AppMaui-NumeroDaSorte\AppMaui-NumeroDaSorte.csproj", "{2F0ED20D-0EFB-48A8-83AE-34B9BE14E40E}"
EndProject
Global
	GlobalSection(SolutionConfigurationPlatforms) = preSolution
		Debug|Any CPU = Debug|Any CPU
		Release|Any CPU = Release|Any CPU
	EndGlobalSection
	GlobalSection(ProjectConfigurationPlatforms) = postSolution
		{2F0ED20D-0EFB-48A8-83AE-34B9BE14E40E}.Debug|Any CPU.ActiveCfg = Debug|Any CPU
		{2F0ED20D-0EFB-48A8-83AE-34B9BE14E40E}.Debug|Any CPU.Build.0 = Debug|Any CPU
		{2F0ED20D-0EFB-48A8-83AE-34B9BE14E40E}.Debug|Any CPU.Deploy.0 = Debug|Any CPU
		{2F0ED20D-0EFB-48A8-83AE-34B9BE14E40E}.Release|Any CPU.ActiveCfg = Release|Any CPU
		{2F0ED20D-0EFB-48A8-83AE-34B9BE14E40E}.Release|Any CPU.Build.0 = Release|Any CPU
		{2F0ED20D-0EFB-48A8-83AE-34B9BE14E40E}.Release|Any CPU.Deploy.0 = Release|Any CPU
	EndGlobalSection
	GlobalSection(SolutionProperties) = preSolution
		HideSolutionNode = FALSE
	EndGlobalSection
	GlobalSection(ExtensibilityGlobals) = postSolution
		SolutionGuid = {761C6843-170B-4A3C-B55E-39854CEC3C29}
	EndGlobalSection
EndGlobal
